// !$*UTF8*$!
{
	archiveVersion = 1;
	classes = {
	};
	objectVersion = 46;
	objects = {

/* Begin PBXBuildFile section */
		8BDD588A1D72A2B70066B7C0 /* main.m in Sources */ = {isa = PBXBuildFile; fileRef = 8BDD58891D72A2B70066B7C0 /* main.m */; };
		8BDD588D1D72A2B70066B7C0 /* AppDelegate.m in Sources */ = {isa = PBXBuildFile; fileRef = 8BDD588C1D72A2B70066B7C0 /* AppDelegate.m */; };
		8BDD588F1D72A2B70066B7C0 /* IA-Prefix.pch in Resources */ = {isa = PBXBuildFile; fileRef = 8BDD588E1D72A2B70066B7C0 /* IA-Prefix.pch */; };
		8BDD58911D72A2B70066B7C0 /* Assets.xcassets in Resources */ = {isa = PBXBuildFile; fileRef = 8BDD58901D72A2B70066B7C0 /* Assets.xcassets */; };
		8BDD58941D72A2B70066B7C0 /* LaunchScreen.storyboard in Resources */ = {isa = PBXBuildFile; fileRef = 8BDD58921D72A2B70066B7C0 /* LaunchScreen.storyboard */; };
		8BDD589F1D72A2B70066B7C0 /* IATests.m in Sources */ = {isa = PBXBuildFile; fileRef = 8BDD589E1D72A2B70066B7C0 /* IATests.m */; };
		8BDD58AA1D72A2B70066B7C0 /* IAUITests.m in Sources */ = {isa = PBXBuildFile; fileRef = 8BDD58A91D72A2B70066B7C0 /* IAUITests.m */; };
/* End PBXBuildFile section */

/* Begin PBXContainerItemProxy section */
		8BDD589B1D72A2B70066B7C0 /* PBXContainerItemProxy */ = {
			isa = PBXContainerItemProxy;
			containerPortal = 8BDD587D1D72A2B70066B7C0 /* Project object */;
			proxyType = 1;
			remoteGlobalIDString = 8BDD58841D72A2B70066B7C0;
			remoteInfo = IA;
		};
		8BDD58A61D72A2B70066B7C0 /* PBXContainerItemProxy */ = {
			isa = PBXContainerItemProxy;
			containerPortal = 8BDD587D1D72A2B70066B7C0 /* Project object */;
			proxyType = 1;
			remoteGlobalIDString = 8BDD58841D72A2B70066B7C0;
			remoteInfo = IA;
		};
/* End PBXContainerItemProxy section */

/* Begin PBXFileReference section */
		8BDD58851D72A2B70066B7C0 /* IA.app */ = {isa = PBXFileReference; explicitFileType = wrapper.application; includeInIndex = 0; path = IA.app; sourceTree = BUILT_PRODUCTS_DIR; };
		8BDD58891D72A2B70066B7C0 /* main.m */ = {isa = PBXFileReference; lastKnownFileType = sourcecode.c.objc; path = main.m; sourceTree = "<group>"; };
		8BDD588B1D72A2B70066B7C0 /* AppDelegate.h */ = {isa = PBXFileReference; lastKnownFileType = sourcecode.c.h; path = AppDelegate.h; sourceTree = "<group>"; };
		8BDD588C1D72A2B70066B7C0 /* AppDelegate.m */ = {isa = PBXFileReference; lastKnownFileType = sourcecode.c.objc; path = AppDelegate.m; sourceTree = "<group>"; };
		8BDD588E1D72A2B70066B7C0 /* IA-Prefix.pch */ = {isa = PBXFileReference; lastKnownFileType = sourcecode.c.h; path = "IA-Prefix.pch"; sourceTree = "<group>"; };
		8BDD58901D72A2B70066B7C0 /* Assets.xcassets */ = {isa = PBXFileReference; lastKnownFileType = folder.assetcatalog; path = Assets.xcassets; sourceTree = "<group>"; };
		8BDD58931D72A2B70066B7C0 /* Base */ = {isa = PBXFileReference; lastKnownFileType = file.storyboard; name = Base; path = Base.lproj/LaunchScreen.storyboard; sourceTree = "<group>"; };
		8BDD58951D72A2B70066B7C0 /* Info.plist */ = {isa = PBXFileReference; lastKnownFileType = text.plist.xml; path = Info.plist; sourceTree = "<group>"; };
		8BDD589A1D72A2B70066B7C0 /* IATests.xctest */ = {isa = PBXFileReference; explicitFileType = wrapper.cfbundle; includeInIndex = 0; path = IATests.xctest; sourceTree = BUILT_PRODUCTS_DIR; };
		8BDD589E1D72A2B70066B7C0 /* IATests.m */ = {isa = PBXFileReference; lastKnownFileType = sourcecode.c.objc; path = IATests.m; sourceTree = "<group>"; };
		8BDD58A01D72A2B70066B7C0 /* Info.plist */ = {isa = PBXFileReference; lastKnownFileType = text.plist.xml; path = Info.plist; sourceTree = "<group>"; };
		8BDD58A51D72A2B70066B7C0 /* IAUITests.xctest */ = {isa = PBXFileReference; explicitFileType = wrapper.cfbundle; includeInIndex = 0; path = IAUITests.xctest; sourceTree = BUILT_PRODUCTS_DIR; };
		8BDD58A91D72A2B70066B7C0 /* IAUITests.m */ = {isa = PBXFileReference; lastKnownFileType = sourcecode.c.objc; path = IAUITests.m; sourceTree = "<group>"; };
		8BDD58AB1D72A2B70066B7C0 /* Info.plist */ = {isa = PBXFileReference; lastKnownFileType = text.plist.xml; path = Info.plist; sourceTree = "<group>"; };
/* End PBXFileReference section */

/* Begin PBXFrameworksBuildPhase section */
		8BDD58821D72A2B70066B7C0 /* Frameworks */ = {
			isa = PBXFrameworksBuildPhase;
			buildActionMask = 2147483647;
			files = (
			);
			runOnlyForDeploymentPostprocessing = 0;
		};
		8BDD58971D72A2B70066B7C0 /* Frameworks */ = {
			isa = PBXFrameworksBuildPhase;
			buildActionMask = 2147483647;
			files = (
			);
			runOnlyForDeploymentPostprocessing = 0;
		};
		8BDD58A21D72A2B70066B7C0 /* Frameworks */ = {
			isa = PBXFrameworksBuildPhase;
			buildActionMask = 2147483647;
			files = (
			);
			runOnlyForDeploymentPostprocessing = 0;
		};
/* End PBXFrameworksBuildPhase section */

/* Begin PBXGroup section */
		8BDD587C1D72A2B70066B7C0 = {
			isa = PBXGroup;
			children = (
				8BDD58871D72A2B70066B7C0 /* IA */,
				8BDD589D1D72A2B70066B7C0 /* IATests */,
				8BDD58A81D72A2B70066B7C0 /* IAUITests */,
				8BDD58861D72A2B70066B7C0 /* Products */,
			);
			sourceTree = "<group>";
		};
		8BDD58861D72A2B70066B7C0 /* Products */ = {
			isa = PBXGroup;
			children = (
				8BDD58851D72A2B70066B7C0 /* IA.app */,
				8BDD589A1D72A2B70066B7C0 /* IATests.xctest */,
				8BDD58A51D72A2B70066B7C0 /* IAUITests.xctest */,
			);
			name = Products;
			sourceTree = "<group>";
		};
		8BDD58871D72A2B70066B7C0 /* IA */ = {
			isa = PBXGroup;
			children = (
				8BDD588B1D72A2B70066B7C0 /* AppDelegate.h */,
				8BDD588C1D72A2B70066B7C0 /* AppDelegate.m */,
				8BDD588E1D72A2B70066B7C0 /* IA-Prefix.pch */,
				8BDD58901D72A2B70066B7C0 /* Assets.xcassets */,
				8BDD58921D72A2B70066B7C0 /* LaunchScreen.storyboard */,
				8BDD58951D72A2B70066B7C0 /* Info.plist */,
				8BDD58881D72A2B70066B7C0 /* Supporting Files */,
			);
			path = IA;
			sourceTree = "<group>";
		};
		8BDD58881D72A2B70066B7C0 /* Supporting Files */ = {
			isa = PBXGroup;
			children = (
				8BDD58891D72A2B70066B7C0 /* main.m */,
			);
			name = "Supporting Files";
			sourceTree = "<group>";
		};
		8BDD589D1D72A2B70066B7C0 /* IATests */ = {
			isa = PBXGroup;
			children = (
				8BDD589E1D72A2B70066B7C0 /* IATests.m */,
				8BDD58A01D72A2B70066B7C0 /* Info.plist */,
			);
			path = IATests;
			sourceTree = "<group>";
		};
		8BDD58A81D72A2B70066B7C0 /* IAUITests */ = {
			isa = PBXGroup;
			children = (
				8BDD58A91D72A2B70066B7C0 /* IAUITests.m */,
				8BDD58AB1D72A2B70066B7C0 /* Info.plist */,
			);
			path = IAUITests;
			sourceTree = "<group>";
		};
/* End PBXGroup section */

/* Begin PBXNativeTarget section */
		8BDD58841D72A2B70066B7C0 /* IA */ = {
			isa = PBXNativeTarget;
			buildConfigurationList = 8BDD58AE1D72A2B70066B7C0 /* Build configuration list for PBXNativeTarget "IA" */;
			buildPhases = (
				8BDD58811D72A2B70066B7C0 /* Sources */,
				8BDD58821D72A2B70066B7C0 /* Frameworks */,
				8BDD58831D72A2B70066B7C0 /* Resources */,
			);
			buildRules = (
			);
			dependencies = (
			);
			name = IA;
			productName = IA;
			productReference = 8BDD58851D72A2B70066B7C0 /* IA.app */;
			productType = "com.apple.product-type.application";
		};
		8BDD58991D72A2B70066B7C0 /* IATests */ = {
			isa = PBXNativeTarget;
			buildConfigurationList = 8BDD58B11D72A2B70066B7C0 /* Build configuration list for PBXNativeTarget "IATests" */;
			buildPhases = (
				8BDD58961D72A2B70066B7C0 /* Sources */,
				8BDD58971D72A2B70066B7C0 /* Frameworks */,
				8BDD58981D72A2B70066B7C0 /* Resources */,
			);
			buildRules = (
			);
			dependencies = (
				8BDD589C1D72A2B70066B7C0 /* PBXTargetDependency */,
			);
			name = IATests;
			productName = IATests;
			productReference = 8BDD589A1D72A2B70066B7C0 /* IATests.xctest */;
			productType = "com.apple.product-type.bundle.unit-test";
		};
		8BDD58A41D72A2B70066B7C0 /* IAUITests */ = {
			isa = PBXNativeTarget;
			buildConfigurationList = 8BDD58B41D72A2B70066B7C0 /* Build configuration list for PBXNativeTarget "IAUITests" */;
			buildPhases = (
				8BDD58A11D72A2B70066B7C0 /* Sources */,
				8BDD58A21D72A2B70066B7C0 /* Frameworks */,
				8BDD58A31D72A2B70066B7C0 /* Resources */,
			);
			buildRules = (
			);
			dependencies = (
				8BDD58A71D72A2B70066B7C0 /* PBXTargetDependency */,
			);
			name = IAUITests;
			productName = IAUITests;
			productReference = 8BDD58A51D72A2B70066B7C0 /* IAUITests.xctest */;
			productType = "com.apple.product-type.bundle.ui-testing";
		};
/* End PBXNativeTarget section */

/* Begin PBXProject section */
		8BDD587D1D72A2B70066B7C0 /* Project object */ = {
			isa = PBXProject;
			attributes = {
				LastUpgradeCheck = 0730;
				ORGANIZATIONNAME = Rflpz;
				TargetAttributes = {
					8BDD58841D72A2B70066B7C0 = {
						CreatedOnToolsVersion = 7.3.1;
					};
					8BDD58991D72A2B70066B7C0 = {
						CreatedOnToolsVersion = 7.3.1;
						TestTargetID = 8BDD58841D72A2B70066B7C0;
					};
					8BDD58A41D72A2B70066B7C0 = {
						CreatedOnToolsVersion = 7.3.1;
						TestTargetID = 8BDD58841D72A2B70066B7C0;
					};
				};
			};
			buildConfigurationList = 8BDD58801D72A2B70066B7C0 /* Build configuration list for PBXProject "IA" */;
			compatibilityVersion = "Xcode 3.2";
			developmentRegion = English;
			hasScannedForEncodings = 0;
			knownRegions = (
				en,
				Base,
			);
			mainGroup = 8BDD587C1D72A2B70066B7C0;
			productRefGroup = 8BDD58861D72A2B70066B7C0 /* Products */;
			projectDirPath = "";
			projectRoot = "";
			targets = (
				8BDD58841D72A2B70066B7C0 /* IA */,
				8BDD58991D72A2B70066B7C0 /* IATests */,
				8BDD58A41D72A2B70066B7C0 /* IAUITests */,
			);
		};
/* End PBXProject section */

/* Begin PBXResourcesBuildPhase section */
		8BDD58831D72A2B70066B7C0 /* Resources */ = {
			isa = PBXResourcesBuildPhase;
			buildActionMask = 2147483647;
			files = (
				8BDD58941D72A2B70066B7C0 /* LaunchScreen.storyboard in Resources */,
				8BDD58911D72A2B70066B7C0 /* Assets.xcassets in Resources */,
				8BDD588F1D72A2B70066B7C0 /* IA-Prefix.pch in Resources */,
			);
			runOnlyForDeploymentPostprocessing = 0;
		};
		8BDD58981D72A2B70066B7C0 /* Resources */ = {
			isa = PBXResourcesBuildPhase;
			buildActionMask = 2147483647;
			files = (
			);
			runOnlyForDeploymentPostprocessing = 0;
		};
		8BDD58A31D72A2B70066B7C0 /* Resources */ = {
			isa = PBXResourcesBuildPhase;
			buildActionMask = 2147483647;
			files = (
			);
			runOnlyForDeploymentPostprocessing = 0;
		};
/* End PBXResourcesBuildPhase section */

/* Begin PBXSourcesBuildPhase section */
		8BDD58811D72A2B70066B7C0 /* Sources */ = {
			isa = PBXSourcesBuildPhase;
			buildActionMask = 2147483647;
			files = (
				8BDD588D1D72A2B70066B7C0 /* AppDelegate.m in Sources */,
				8BDD588A1D72A2B70066B7C0 /* main.m in Sources */,
			);
			runOnlyForDeploymentPostprocessing = 0;
		};
		8BDD58961D72A2B70066B7C0 /* Sources */ = {
			isa = PBXSourcesBuildPhase;
			buildActionMask = 2147483647;
			files = (
				8BDD589F1D72A2B70066B7C0 /* IATests.m in Sources */,
			);
			runOnlyForDeploymentPostprocessing = 0;
		};
		8BDD58A11D72A2B70066B7C0 /* Sources */ = {
			isa = PBXSourcesBuildPhase;
			buildActionMask = 2147483647;
			files = (
				8BDD58AA1D72A2B70066B7C0 /* IAUITests.m in Sources */,
			);
			runOnlyForDeploymentPostprocessing = 0;
		};
/* End PBXSourcesBuildPhase section */

/* Begin PBXTargetDependency section */
		8BDD589C1D72A2B70066B7C0 /* PBXTargetDependency */ = {
			isa = PBXTargetDependency;
			target = 8BDD58841D72A2B70066B7C0 /* IA */;
			targetProxy = 8BDD589B1D72A2B70066B7C0 /* PBXContainerItemProxy */;
		};
		8BDD58A71D72A2B70066B7C0 /* PBXTargetDependency */ = {
			isa = PBXTargetDependency;
			target = 8BDD58841D72A2B70066B7C0 /* IA */;
			targetProxy = 8BDD58A61D72A2B70066B7C0 /* PBXContainerItemProxy */;
		};
/* End PBXTargetDependency section */

/* Begin PBXVariantGroup section */
		8BDD58921D72A2B70066B7C0 /* LaunchScreen.storyboard */ = {
			isa = PBXVariantGroup;
			children = (
				8BDD58931D72A2B70066B7C0 /* Base */,
			);
			name = LaunchScreen.storyboard;
			sourceTree = "<group>";
		};
/* End PBXVariantGroup section */

/* Begin XCBuildConfiguration section */
		8BDD58AC1D72A2B70066B7C0 /* Debug */ = {
			isa = XCBuildConfiguration;
			buildSettings = {
				ALWAYS_SEARCH_USER_PATHS = NO;
				CLANG_ANALYZER_NONNULL = YES;
				CLANG_CXX_LANGUAGE_STANDARD = "gnu++0x";
				CLANG_CXX_LIBRARY = "libc++";
				CLANG_ENABLE_MODULES = YES;
				CLANG_ENABLE_OBJC_ARC = YES;
				CLANG_WARN_BOOL_CONVERSION = YES;
				CLANG_WARN_CONSTANT_CONVERSION = YES;
				CLANG_WARN_DIRECT_OBJC_ISA_USAGE = YES_ERROR;
				CLANG_WARN_EMPTY_BODY = YES;
				CLANG_WARN_ENUM_CONVERSION = YES;
				CLANG_WARN_INT_CONVERSION = YES;
				CLANG_WARN_OBJC_ROOT_CLASS = YES_ERROR;
				CLANG_WARN_UNREACHABLE_CODE = YES;
				CLANG_WARN__DUPLICATE_METHOD_MATCH = YES;
				"CODE_SIGN_IDENTITY[sdk=iphoneos*]" = "iPhone Developer";
				COPY_PHASE_STRIP = NO;
				DEBUG_INFORMATION_FORMAT = dwarf;
				ENABLE_STRICT_OBJC_MSGSEND = YES;
				ENABLE_TESTABILITY = YES;
				GCC_C_LANGUAGE_STANDARD = gnu99;
				GCC_DYNAMIC_NO_PIC = NO;
				GCC_NO_COMMON_BLOCKS = YES;
				GCC_OPTIMIZATION_LEVEL = 0;
				GCC_PREPROCESSOR_DEFINITIONS = (
					"DEBUG=1",
					"$(inherited)",
				);
				GCC_WARN_64_TO_32_BIT_CONVERSION = YES;
				GCC_WARN_ABOUT_RETURN_TYPE = YES_ERROR;
				GCC_WARN_UNDECLARED_SELECTOR = YES;
				GCC_WARN_UNINITIALIZED_AUTOS = YES_AGGRESSIVE;
				GCC_WARN_UNUSED_FUNCTION = YES;
				GCC_WARN_UNUSED_VARIABLE = YES;
				IPHONEOS_DEPLOYMENT_TARGET = 9.3;
				MTL_ENABLE_DEBUG_INFO = YES;
				ONLY_ACTIVE_ARCH = YES;
				SDKROOT = iphoneos;
			};
			name = Debug;
		};
		8BDD58AD1D72A2B70066B7C0 /* Release */ = {
			isa = XCBuildConfiguration;
			buildSettings = {
				ALWAYS_SEARCH_USER_PATHS = NO;
				CLANG_ANALYZER_NONNULL = YES;
				CLANG_CXX_LANGUAGE_STANDARD = "gnu++0x";
				CLANG_CXX_LIBRARY = "libc++";
				CLANG_ENABLE_MODULES = YES;
				CLANG_ENABLE_OBJC_ARC = YES;
				CLANG_WARN_BOOL_CONVERSION = YES;
				CLANG_WARN_CONSTANT_CONVERSION = YES;
				CLANG_WARN_DIRECT_OBJC_ISA_USAGE = YES_ERROR;
				CLANG_WARN_EMPTY_BODY = YES;
				CLANG_WARN_ENUM_CONVERSION = YES;
				CLANG_WARN_INT_CONVERSION = YES;
				CLANG_WARN_OBJC_ROOT_CLASS = YES_ERROR;
				CLANG_WARN_UNREACHABLE_CODE = YES;
				CLANG_WARN__DUPLICATE_METHOD_MATCH = YES;
				"CODE_SIGN_IDENTITY[sdk=iphoneos*]" = "iPhone Developer";
				COPY_PHASE_STRIP = NO;
				DEBUG_INFORMATION_FORMAT = "dwarf-with-dsym";
				ENABLE_NS_ASSERTIONS = NO;
				ENABLE_STRICT_OBJC_MSGSEND = YES;
				GCC_C_LANGUAGE_STANDARD = gnu99;
				GCC_NO_COMMON_BLOCKS = YES;
				GCC_WARN_64_TO_32_BIT_CONVERSION = YES;
				GCC_WARN_ABOUT_RETURN_TYPE = YES_ERROR;
				GCC_WARN_UNDECLARED_SELECTOR = YES;
				GCC_WARN_UNINITIALIZED_AUTOS = YES_AGGRESSIVE;
				GCC_WARN_UNUSED_FUNCTION = YES;
				GCC_WARN_UNUSED_VARIABLE = YES;
				IPHONEOS_DEPLOYMENT_TARGET = 9.3;
				MTL_ENABLE_DEBUG_INFO = NO;
				SDKROOT = iphoneos;
				VALIDATE_PRODUCT = YES;
			};
			name = Release;
		};
		8BDD58AF1D72A2B70066B7C0 /* Debug */ = {
			isa = XCBuildConfiguration;
			buildSettings = {
				ASSETCATALOG_COMPILER_APPICON_NAME = AppIcon;
				INFOPLIST_FILE = IA/Info.plist;
				IPHONEOS_DEPLOYMENT_TARGET = 8.2;
				LD_RUNPATH_SEARCH_PATHS = "$(inherited) @executable_path/Frameworks";
				PRODUCT_BUNDLE_IDENTIFIER = com.rflpz.IA;
				PRODUCT_NAME = "$(TARGET_NAME)";
			};
			name = Debug;
		};
		8BDD58B01D72A2B70066B7C0 /* Release */ = {
			isa = XCBuildConfiguration;
			buildSettings = {
				ASSETCATALOG_COMPILER_APPICON_NAME = AppIcon;
				INFOPLIST_FILE = IA/Info.plist;
				IPHONEOS_DEPLOYMENT_TARGET = 8.2;
				LD_RUNPATH_SEARCH_PATHS = "$(inherited) @executable_path/Frameworks";
				PRODUCT_BUNDLE_IDENTIFIER = com.rflpz.IA;
				PRODUCT_NAME = "$(TARGET_NAME)";
			};
			name = Release;
		};
		8BDD58B21D72A2B70066B7C0 /* Debug */ = {
			isa = XCBuildConfiguration;
			buildSettings = {
				BUNDLE_LOADER = "$(TEST_HOST)";
				INFOPLIST_FILE = IATests/Info.plist;
				LD_RUNPATH_SEARCH_PATHS = "$(inherited) @executable_path/Frameworks @loader_path/Frameworks";
				PRODUCT_BUNDLE_IDENTIFIER = com.rflpz.IATests;
				PRODUCT_NAME = "$(TARGET_NAME)";
				TEST_HOST = "$(BUILT_PRODUCTS_DIR)/IA.app/IA";
			};
			name = Debug;
		};
		8BDD58B31D72A2B70066B7C0 /* Release */ = {
			isa = XCBuildConfiguration;
			buildSettings = {
				BUNDLE_LOADER = "$(TEST_HOST)";
				INFOPLIST_FILE = IATests/Info.plist;
				LD_RUNPATH_SEARCH_PATHS = "$(inherited) @executable_path/Frameworks @loader_path/Frameworks";
				PRODUCT_BUNDLE_IDENTIFIER = com.rflpz.IATests;
				PRODUCT_NAME = "$(TARGET_NAME)";
				TEST_HOST = "$(BUILT_PRODUCTS_DIR)/IA.app/IA";
			};
			name = Release;
		};
		8BDD58B51D72A2B70066B7C0 /* Debug */ = {
			isa = XCBuildConfiguration;
			buildSettings = {
				INFOPLIST_FILE = IAUITests/Info.plist;
				LD_RUNPATH_SEARCH_PATHS = "$(inherited) @executable_path/Frameworks @loader_path/Frameworks";
				PRODUCT_BUNDLE_IDENTIFIER = com.rflpz.IAUITests;
				PRODUCT_NAME = "$(TARGET_NAME)";
				TEST_TARGET_NAME = IA;
			};
			name = Debug;
		};
		8BDD58B61D72A2B70066B7C0 /* Release */ = {
			isa = XCBuildConfiguration;
			buildSettings = {
				INFOPLIST_FILE = IAUITests/Info.plist;
				LD_RUNPATH_SEARCH_PATHS = "$(inherited) @executable_path/Frameworks @loader_path/Frameworks";
				PRODUCT_BUNDLE_IDENTIFIER = com.rflpz.IAUITests;
				PRODUCT_NAME = "$(TARGET_NAME)";
				TEST_TARGET_NAME = IA;
			};
			name = Release;
		};
/* End XCBuildConfiguration section */

/* Begin XCConfigurationList section */
		8BDD58801D72A2B70066B7C0 /* Build configuration list for PBXProject "IA" */ = {
			isa = XCConfigurationList;
			buildConfigurations = (
				8BDD58AC1D72A2B70066B7C0 /* Debug */,
				8BDD58AD1D72A2B70066B7C0 /* Release */,
			);
			defaultConfigurationIsVisible = 0;
			defaultConfigurationName = Release;
		};
		8BDD58AE1D72A2B70066B7C0 /* Build configuration list for PBXNativeTarget "IA" */ = {
			isa = XCConfigurationList;
			buildConfigurations = (
				8BDD58AF1D72A2B70066B7C0 /* Debug */,
				8BDD58B01D72A2B70066B7C0 /* Release */,
			);
			defaultConfigurationIsVisible = 0;
		};
		8BDD58B11D72A2B70066B7C0 /* Build configuration list for PBXNativeTarget "IATests" */ = {
			isa = XCConfigurationList;
			buildConfigurations = (
				8BDD58B21D72A2B70066B7C0 /* Debug */,
				8BDD58B31D72A2B70066B7C0 /* Release */,
			);
			defaultConfigurationIsVisible = 0;
		};
		8BDD58B41D72A2B70066B7C0 /* Build configuration list for PBXNativeTarget "IAUITests" */ = {
			isa = XCConfigurationList;
			buildConfigurations = (
				8BDD58B51D72A2B70066B7C0 /* Debug */,
				8BDD58B61D72A2B70066B7C0 /* Release */,
			);
			defaultConfigurationIsVisible = 0;
		};
/* End XCConfigurationList section */
	};
	rootObject = 8BDD587D1D72A2B70066B7C0 /* Project object */;
}
