// !$*UTF8*$!
{
	archiveVersion = 1;
	classes = {
	};
	objectVersion = 46;
	objects = {

/* Begin PBXBuildFile section */
		4890E0477088F9423ECC7455 /* libPods-IA.a in Frameworks */ = {isa = PBXBuildFile; fileRef = A157663565E8BE541CB6F3F3 /* libPods-IA.a */; };
		8BB126A91D72A4C700B95ED7 /* RLRequest.m in Sources */ = {isa = PBXBuildFile; fileRef = 8BB126A81D72A4C700B95ED7 /* RLRequest.m */; };
		8BB126AD1D72A56700B95ED7 /* RLMoviesController.m in Sources */ = {isa = PBXBuildFile; fileRef = 8BB126AB1D72A56700B95ED7 /* RLMoviesController.m */; };
		8BB126AE1D72A56700B95ED7 /* RLMoviesController.xib in Resources */ = {isa = PBXBuildFile; fileRef = 8BB126AC1D72A56700B95ED7 /* RLMoviesController.xib */; };
		8BB126B31D72A5D200B95ED7 /* RLCustomizer.m in Sources */ = {isa = PBXBuildFile; fileRef = 8BB126B21D72A5D200B95ED7 /* RLCustomizer.m */; };
		8BB126B51D72A64500B95ED7 /* UIKit.framework in Frameworks */ = {isa = PBXBuildFile; fileRef = 8BB126B41D72A64500B95ED7 /* UIKit.framework */; };
		8BB126BB1D72AE7700B95ED7 /* RLMovieCell.m in Sources */ = {isa = PBXBuildFile; fileRef = 8BB126B91D72AE7700B95ED7 /* RLMovieCell.m */; };
		8BB126BC1D72AE7700B95ED7 /* RLMovieCell.xib in Resources */ = {isa = PBXBuildFile; fileRef = 8BB126BA1D72AE7700B95ED7 /* RLMovieCell.xib */; };
		8BB126C11D72AFD800B95ED7 /* RLCitiesController.m in Sources */ = {isa = PBXBuildFile; fileRef = 8BB126BF1D72AFD800B95ED7 /* RLCitiesController.m */; };
		8BB126C21D72AFD800B95ED7 /* RLCitiesController.xib in Resources */ = {isa = PBXBuildFile; fileRef = 8BB126C01D72AFD800B95ED7 /* RLCitiesController.xib */; };
		8BB126C71D72B04200B95ED7 /* RLCityCell.m in Sources */ = {isa = PBXBuildFile; fileRef = 8BB126C51D72B04200B95ED7 /* RLCityCell.m */; };
		8BB126C81D72B04200B95ED7 /* RLCityCell.xib in Resources */ = {isa = PBXBuildFile; fileRef = 8BB126C61D72B04200B95ED7 /* RLCityCell.xib */; };
		8BB126CA1D72B28E00B95ED7 /* next.png in Resources */ = {isa = PBXBuildFile; fileRef = 8BB126C91D72B28E00B95ED7 /* next.png */; };
		8BB126CC1D72B5F000B95ED7 /* lg-cinepolis.png in Resources */ = {isa = PBXBuildFile; fileRef = 8BB126CB1D72B5F000B95ED7 /* lg-cinepolis.png */; };
		8BB126CE1D72E7D400B95ED7 /* libsqlite3.tbd in Frameworks */ = {isa = PBXBuildFile; fileRef = 8BB126CD1D72E7D400B95ED7 /* libsqlite3.tbd */; };
		8BB126D01D72E7DC00B95ED7 /* libsqlite3.0.tbd in Frameworks */ = {isa = PBXBuildFile; fileRef = 8BB126CF1D72E7DC00B95ED7 /* libsqlite3.0.tbd */; };
		8BDD588A1D72A2B70066B7C0 /* main.m in Sources */ = {isa = PBXBuildFile; fileRef = 8BDD58891D72A2B70066B7C0 /* main.m */; };
		8BDD588D1D72A2B70066B7C0 /* AppDelegate.m in Sources */ = {isa = PBXBuildFile; fileRef = 8BDD588C1D72A2B70066B7C0 /* AppDelegate.m */; };
		8BDD588F1D72A2B70066B7C0 /* IA-Prefix.pch in Resources */ = {isa = PBXBuildFile; fileRef = 8BDD588E1D72A2B70066B7C0 /* IA-Prefix.pch */; };
		8BDD58911D72A2B70066B7C0 /* Assets.xcassets in Resources */ = {isa = PBXBuildFile; fileRef = 8BDD58901D72A2B70066B7C0 /* Assets.xcassets */; };
		8BDD58941D72A2B70066B7C0 /* LaunchScreen.storyboard in Resources */ = {isa = PBXBuildFile; fileRef = 8BDD58921D72A2B70066B7C0 /* LaunchScreen.storyboard */; };
		8BDD589F1D72A2B70066B7C0 /* IATests.m in Sources */ = {isa = PBXBuildFile; fileRef = 8BDD589E1D72A2B70066B7C0 /* IATests.m */; };
		8BDD58AA1D72A2B70066B7C0 /* IAUITests.m in Sources */ = {isa = PBXBuildFile; fileRef = 8BDD58A91D72A2B70066B7C0 /* IAUITests.m */; };
		A7DEFDB3962A65360208CDAC /* libPods-IATests.a in Frameworks */ = {isa = PBXBuildFile; fileRef = DAC42B77A30C39CA0CFC19EC /* libPods-IATests.a */; };
		DE4EBA5A95B6790C31C45995 /* libPods-IAUITests.a in Frameworks */ = {isa = PBXBuildFile; fileRef = 929920DA04CEAF7AC0237D14 /* libPods-IAUITests.a */; };
/* End PBXBuildFile section */

/* Begin PBXContainerItemProxy section */
		8BDD589B1D72A2B70066B7C0 /* PBXContainerItemProxy */ = {
			isa = PBXContainerItemProxy;
			containerPortal = 8BDD587D1D72A2B70066B7C0 /* Project object */;
			proxyType = 1;
			remoteGlobalIDString = 8BDD58841D72A2B70066B7C0;
			remoteInfo = IA;
		};
		8BDD58A61D72A2B70066B7C0 /* PBXContainerItemProxy */ = {
			isa = PBXContainerItemProxy;
			containerPortal = 8BDD587D1D72A2B70066B7C0 /* Project object */;
			proxyType = 1;
			remoteGlobalIDString = 8BDD58841D72A2B70066B7C0;
			remoteInfo = IA;
		};
/* End PBXContainerItemProxy section */

/* Begin PBXFileReference section */
		130E4B317331E6A7027C7470 /* Pods-IAUITests.debug.xcconfig */ = {isa = PBXFileReference; includeInIndex = 1; lastKnownFileType = text.xcconfig; name = "Pods-IAUITests.debug.xcconfig"; path = "Pods/Target Support Files/Pods-IAUITests/Pods-IAUITests.debug.xcconfig"; sourceTree = "<group>"; };
		160FFB120A7B5DE5B1B24E05 /* Pods-IA.release.xcconfig */ = {isa = PBXFileReference; includeInIndex = 1; lastKnownFileType = text.xcconfig; name = "Pods-IA.release.xcconfig"; path = "Pods/Target Support Files/Pods-IA/Pods-IA.release.xcconfig"; sourceTree = "<group>"; };
		82FA374685B8CE5C57E46585 /* Pods-IAUITests.release.xcconfig */ = {isa = PBXFileReference; includeInIndex = 1; lastKnownFileType = text.xcconfig; name = "Pods-IAUITests.release.xcconfig"; path = "Pods/Target Support Files/Pods-IAUITests/Pods-IAUITests.release.xcconfig"; sourceTree = "<group>"; };
		8BB126A71D72A4C700B95ED7 /* RLRequest.h */ = {isa = PBXFileReference; fileEncoding = 4; lastKnownFileType = sourcecode.c.h; path = RLRequest.h; sourceTree = "<group>"; };
		8BB126A81D72A4C700B95ED7 /* RLRequest.m */ = {isa = PBXFileReference; fileEncoding = 4; lastKnownFileType = sourcecode.c.objc; path = RLRequest.m; sourceTree = "<group>"; };
		8BB126AA1D72A56700B95ED7 /* RLMoviesController.h */ = {isa = PBXFileReference; fileEncoding = 4; lastKnownFileType = sourcecode.c.h; path = RLMoviesController.h; sourceTree = "<group>"; };
		8BB126AB1D72A56700B95ED7 /* RLMoviesController.m */ = {isa = PBXFileReference; fileEncoding = 4; lastKnownFileType = sourcecode.c.objc; path = RLMoviesController.m; sourceTree = "<group>"; };
		8BB126AC1D72A56700B95ED7 /* RLMoviesController.xib */ = {isa = PBXFileReference; fileEncoding = 4; lastKnownFileType = file.xib; path = RLMoviesController.xib; sourceTree = "<group>"; };
		8BB126B11D72A5D200B95ED7 /* RLCustomizer.h */ = {isa = PBXFileReference; fileEncoding = 4; lastKnownFileType = sourcecode.c.h; path = RLCustomizer.h; sourceTree = "<group>"; };
		8BB126B21D72A5D200B95ED7 /* RLCustomizer.m */ = {isa = PBXFileReference; fileEncoding = 4; lastKnownFileType = sourcecode.c.objc; path = RLCustomizer.m; sourceTree = "<group>"; };
		8BB126B41D72A64500B95ED7 /* UIKit.framework */ = {isa = PBXFileReference; lastKnownFileType = wrapper.framework; name = UIKit.framework; path = System/Library/Frameworks/UIKit.framework; sourceTree = SDKROOT; };
		8BB126B81D72AE7700B95ED7 /* RLMovieCell.h */ = {isa = PBXFileReference; fileEncoding = 4; lastKnownFileType = sourcecode.c.h; path = RLMovieCell.h; sourceTree = "<group>"; };
		8BB126B91D72AE7700B95ED7 /* RLMovieCell.m */ = {isa = PBXFileReference; fileEncoding = 4; lastKnownFileType = sourcecode.c.objc; path = RLMovieCell.m; sourceTree = "<group>"; };
		8BB126BA1D72AE7700B95ED7 /* RLMovieCell.xib */ = {isa = PBXFileReference; fileEncoding = 4; lastKnownFileType = file.xib; path = RLMovieCell.xib; sourceTree = "<group>"; };
		8BB126BE1D72AFD800B95ED7 /* RLCitiesController.h */ = {isa = PBXFileReference; fileEncoding = 4; lastKnownFileType = sourcecode.c.h; path = RLCitiesController.h; sourceTree = "<group>"; };
		8BB126BF1D72AFD800B95ED7 /* RLCitiesController.m */ = {isa = PBXFileReference; fileEncoding = 4; lastKnownFileType = sourcecode.c.objc; path = RLCitiesController.m; sourceTree = "<group>"; };
		8BB126C01D72AFD800B95ED7 /* RLCitiesController.xib */ = {isa = PBXFileReference; fileEncoding = 4; lastKnownFileType = file.xib; path = RLCitiesController.xib; sourceTree = "<group>"; };
		8BB126C41D72B04200B95ED7 /* RLCityCell.h */ = {isa = PBXFileReference; fileEncoding = 4; lastKnownFileType = sourcecode.c.h; path = RLCityCell.h; sourceTree = "<group>"; };
		8BB126C51D72B04200B95ED7 /* RLCityCell.m */ = {isa = PBXFileReference; fileEncoding = 4; lastKnownFileType = sourcecode.c.objc; path = RLCityCell.m; sourceTree = "<group>"; };
		8BB126C61D72B04200B95ED7 /* RLCityCell.xib */ = {isa = PBXFileReference; fileEncoding = 4; lastKnownFileType = file.xib; path = RLCityCell.xib; sourceTree = "<group>"; };
		8BB126C91D72B28E00B95ED7 /* next.png */ = {isa = PBXFileReference; lastKnownFileType = image.png; path = next.png; sourceTree = "<group>"; };
		8BB126CB1D72B5F000B95ED7 /* lg-cinepolis.png */ = {isa = PBXFileReference; lastKnownFileType = image.png; path = "lg-cinepolis.png"; sourceTree = "<group>"; };
		8BB126CD1D72E7D400B95ED7 /* libsqlite3.tbd */ = {isa = PBXFileReference; lastKnownFileType = "sourcecode.text-based-dylib-definition"; name = libsqlite3.tbd; path = usr/lib/libsqlite3.tbd; sourceTree = SDKROOT; };
		8BB126CF1D72E7DC00B95ED7 /* libsqlite3.0.tbd */ = {isa = PBXFileReference; lastKnownFileType = "sourcecode.text-based-dylib-definition"; name = libsqlite3.0.tbd; path = usr/lib/libsqlite3.0.tbd; sourceTree = SDKROOT; };
		8BDD58851D72A2B70066B7C0 /* IA.app */ = {isa = PBXFileReference; explicitFileType = wrapper.application; includeInIndex = 0; path = IA.app; sourceTree = BUILT_PRODUCTS_DIR; };
		8BDD58891D72A2B70066B7C0 /* main.m */ = {isa = PBXFileReference; lastKnownFileType = sourcecode.c.objc; path = main.m; sourceTree = "<group>"; };
		8BDD588B1D72A2B70066B7C0 /* AppDelegate.h */ = {isa = PBXFileReference; lastKnownFileType = sourcecode.c.h; path = AppDelegate.h; sourceTree = "<group>"; };
		8BDD588C1D72A2B70066B7C0 /* AppDelegate.m */ = {isa = PBXFileReference; lastKnownFileType = sourcecode.c.objc; path = AppDelegate.m; sourceTree = "<group>"; };
		8BDD588E1D72A2B70066B7C0 /* IA-Prefix.pch */ = {isa = PBXFileReference; lastKnownFileType = sourcecode.c.h; path = "IA-Prefix.pch"; sourceTree = "<group>"; };
		8BDD58901D72A2B70066B7C0 /* Assets.xcassets */ = {isa = PBXFileReference; lastKnownFileType = folder.assetcatalog; path = Assets.xcassets; sourceTree = "<group>"; };
		8BDD58931D72A2B70066B7C0 /* Base */ = {isa = PBXFileReference; lastKnownFileType = file.storyboard; name = Base; path = Base.lproj/LaunchScreen.storyboard; sourceTree = "<group>"; };
		8BDD58951D72A2B70066B7C0 /* Info.plist */ = {isa = PBXFileReference; lastKnownFileType = text.plist.xml; path = Info.plist; sourceTree = "<group>"; };
		8BDD589A1D72A2B70066B7C0 /* IATests.xctest */ = {isa = PBXFileReference; explicitFileType = wrapper.cfbundle; includeInIndex = 0; path = IATests.xctest; sourceTree = BUILT_PRODUCTS_DIR; };
		8BDD589E1D72A2B70066B7C0 /* IATests.m */ = {isa = PBXFileReference; lastKnownFileType = sourcecode.c.objc; path = IATests.m; sourceTree = "<group>"; };
		8BDD58A01D72A2B70066B7C0 /* Info.plist */ = {isa = PBXFileReference; lastKnownFileType = text.plist.xml; path = Info.plist; sourceTree = "<group>"; };
		8BDD58A51D72A2B70066B7C0 /* IAUITests.xctest */ = {isa = PBXFileReference; explicitFileType = wrapper.cfbundle; includeInIndex = 0; path = IAUITests.xctest; sourceTree = BUILT_PRODUCTS_DIR; };
		8BDD58A91D72A2B70066B7C0 /* IAUITests.m */ = {isa = PBXFileReference; lastKnownFileType = sourcecode.c.objc; path = IAUITests.m; sourceTree = "<group>"; };
		8BDD58AB1D72A2B70066B7C0 /* Info.plist */ = {isa = PBXFileReference; lastKnownFileType = text.plist.xml; path = Info.plist; sourceTree = "<group>"; };
		929920DA04CEAF7AC0237D14 /* libPods-IAUITests.a */ = {isa = PBXFileReference; explicitFileType = archive.ar; includeInIndex = 0; path = "libPods-IAUITests.a"; sourceTree = BUILT_PRODUCTS_DIR; };
		A157663565E8BE541CB6F3F3 /* libPods-IA.a */ = {isa = PBXFileReference; explicitFileType = archive.ar; includeInIndex = 0; path = "libPods-IA.a"; sourceTree = BUILT_PRODUCTS_DIR; };
		CB35DE2529227560C57CF0DA /* Pods-IATests.debug.xcconfig */ = {isa = PBXFileReference; includeInIndex = 1; lastKnownFileType = text.xcconfig; name = "Pods-IATests.debug.xcconfig"; path = "Pods/Target Support Files/Pods-IATests/Pods-IATests.debug.xcconfig"; sourceTree = "<group>"; };
		CDBC02AD989F1BD04C430D20 /* Pods-IATests.release.xcconfig */ = {isa = PBXFileReference; includeInIndex = 1; lastKnownFileType = text.xcconfig; name = "Pods-IATests.release.xcconfig"; path = "Pods/Target Support Files/Pods-IATests/Pods-IATests.release.xcconfig"; sourceTree = "<group>"; };
		DAC42B77A30C39CA0CFC19EC /* libPods-IATests.a */ = {isa = PBXFileReference; explicitFileType = archive.ar; includeInIndex = 0; path = "libPods-IATests.a"; sourceTree = BUILT_PRODUCTS_DIR; };
		F4D8A6B7CF082574D892D67F /* Pods-IA.debug.xcconfig */ = {isa = PBXFileReference; includeInIndex = 1; lastKnownFileType = text.xcconfig; name = "Pods-IA.debug.xcconfig"; path = "Pods/Target Support Files/Pods-IA/Pods-IA.debug.xcconfig"; sourceTree = "<group>"; };
/* End PBXFileReference section */

/* Begin PBXFrameworksBuildPhase section */
		8BDD58821D72A2B70066B7C0 /* Frameworks */ = {
			isa = PBXFrameworksBuildPhase;
			buildActionMask = 2147483647;
			files = (
				8BB126D01D72E7DC00B95ED7 /* libsqlite3.0.tbd in Frameworks */,
				8BB126CE1D72E7D400B95ED7 /* libsqlite3.tbd in Frameworks */,
				8BB126B51D72A64500B95ED7 /* UIKit.framework in Frameworks */,
				4890E0477088F9423ECC7455 /* libPods-IA.a in Frameworks */,
			);
			runOnlyForDeploymentPostprocessing = 0;
		};
		8BDD58971D72A2B70066B7C0 /* Frameworks */ = {
			isa = PBXFrameworksBuildPhase;
			buildActionMask = 2147483647;
			files = (
				A7DEFDB3962A65360208CDAC /* libPods-IATests.a in Frameworks */,
			);
			runOnlyForDeploymentPostprocessing = 0;
		};
		8BDD58A21D72A2B70066B7C0 /* Frameworks */ = {
			isa = PBXFrameworksBuildPhase;
			buildActionMask = 2147483647;
			files = (
				DE4EBA5A95B6790C31C45995 /* libPods-IAUITests.a in Frameworks */,
			);
			runOnlyForDeploymentPostprocessing = 0;
		};
/* End PBXFrameworksBuildPhase section */

/* Begin PBXGroup section */
		61033C73BA0252E986EB731E /* Frameworks */ = {
			isa = PBXGroup;
			children = (
				8BB126CF1D72E7DC00B95ED7 /* libsqlite3.0.tbd */,
				8BB126CD1D72E7D400B95ED7 /* libsqlite3.tbd */,
				8BB126B41D72A64500B95ED7 /* UIKit.framework */,
				A157663565E8BE541CB6F3F3 /* libPods-IA.a */,
				DAC42B77A30C39CA0CFC19EC /* libPods-IATests.a */,
				929920DA04CEAF7AC0237D14 /* libPods-IAUITests.a */,
			);
			name = Frameworks;
			sourceTree = "<group>";
		};
		8BB126A61D72A4BB00B95ED7 /* RLRequest */ = {
			isa = PBXGroup;
			children = (
				8BB126A71D72A4C700B95ED7 /* RLRequest.h */,
				8BB126A81D72A4C700B95ED7 /* RLRequest.m */,
			);
			name = RLRequest;
			sourceTree = "<group>";
		};
		8BB126AF1D72A56B00B95ED7 /* RLMovies */ = {
			isa = PBXGroup;
			children = (
				8BB126AA1D72A56700B95ED7 /* RLMoviesController.h */,
				8BB126AB1D72A56700B95ED7 /* RLMoviesController.m */,
				8BB126AC1D72A56700B95ED7 /* RLMoviesController.xib */,
				8BB126B71D72AE5A00B95ED7 /* RLMovieCell */,
			);
			name = RLMovies;
			sourceTree = "<group>";
		};
		8BB126B01D72A5A800B95ED7 /* RLCustomizer */ = {
			isa = PBXGroup;
			children = (
				8BB126B11D72A5D200B95ED7 /* RLCustomizer.h */,
				8BB126B21D72A5D200B95ED7 /* RLCustomizer.m */,
			);
			name = RLCustomizer;
			sourceTree = "<group>";
		};
		8BB126B61D72A97600B95ED7 /* Resources outside */ = {
			isa = PBXGroup;
			children = (
				8BB126CB1D72B5F000B95ED7 /* lg-cinepolis.png */,
				8BB126C91D72B28E00B95ED7 /* next.png */,
			);
			name = "Resources outside";
			sourceTree = "<group>";
		};
		8BB126B71D72AE5A00B95ED7 /* RLMovieCell */ = {
			isa = PBXGroup;
			children = (
				8BB126B81D72AE7700B95ED7 /* RLMovieCell.h */,
				8BB126B91D72AE7700B95ED7 /* RLMovieCell.m */,
				8BB126BA1D72AE7700B95ED7 /* RLMovieCell.xib */,
			);
			name = RLMovieCell;
			sourceTree = "<group>";
		};
		8BB126BD1D72AFC800B95ED7 /* RLCities */ = {
			isa = PBXGroup;
			children = (
				8BB126BE1D72AFD800B95ED7 /* RLCitiesController.h */,
				8BB126BF1D72AFD800B95ED7 /* RLCitiesController.m */,
				8BB126C01D72AFD800B95ED7 /* RLCitiesController.xib */,
				8BB126C31D72B02B00B95ED7 /* RLCityCell */,
			);
			name = RLCities;
			sourceTree = "<group>";
		};
		8BB126C31D72B02B00B95ED7 /* RLCityCell */ = {
			isa = PBXGroup;
			children = (
				8BB126C41D72B04200B95ED7 /* RLCityCell.h */,
				8BB126C51D72B04200B95ED7 /* RLCityCell.m */,
				8BB126C61D72B04200B95ED7 /* RLCityCell.xib */,
			);
			name = RLCityCell;
			sourceTree = "<group>";
		};
		8BDD587C1D72A2B70066B7C0 = {
			isa = PBXGroup;
			children = (
				8BDD58871D72A2B70066B7C0 /* IA */,
				8BB126B61D72A97600B95ED7 /* Resources outside */,
				8BDD589D1D72A2B70066B7C0 /* IATests */,
				8BDD58A81D72A2B70066B7C0 /* IAUITests */,
				8BDD58861D72A2B70066B7C0 /* Products */,
				9ED31B4797DAA085479C8517 /* Pods */,
				61033C73BA0252E986EB731E /* Frameworks */,
			);
			sourceTree = "<group>";
		};
		8BDD58861D72A2B70066B7C0 /* Products */ = {
			isa = PBXGroup;
			children = (
				8BDD58851D72A2B70066B7C0 /* IA.app */,
				8BDD589A1D72A2B70066B7C0 /* IATests.xctest */,
				8BDD58A51D72A2B70066B7C0 /* IAUITests.xctest */,
			);
			name = Products;
			sourceTree = "<group>";
		};
		8BDD58871D72A2B70066B7C0 /* IA */ = {
			isa = PBXGroup;
			children = (
				8BB126B01D72A5A800B95ED7 /* RLCustomizer */,
				8BB126A61D72A4BB00B95ED7 /* RLRequest */,
				8BDD58B81D72A33C0066B7C0 /* ViewControllers */,
				8BDD58B71D72A3320066B7C0 /* App delegate */,
				8BDD588E1D72A2B70066B7C0 /* IA-Prefix.pch */,
				8BDD58901D72A2B70066B7C0 /* Assets.xcassets */,
				8BDD58921D72A2B70066B7C0 /* LaunchScreen.storyboard */,
				8BDD58951D72A2B70066B7C0 /* Info.plist */,
				8BDD58881D72A2B70066B7C0 /* Supporting Files */,
			);
			path = IA;
			sourceTree = "<group>";
		};
		8BDD58881D72A2B70066B7C0 /* Supporting Files */ = {
			isa = PBXGroup;
			children = (
				8BDD58891D72A2B70066B7C0 /* main.m */,
			);
			name = "Supporting Files";
			sourceTree = "<group>";
		};
		8BDD589D1D72A2B70066B7C0 /* IATests */ = {
			isa = PBXGroup;
			children = (
				8BDD589E1D72A2B70066B7C0 /* IATests.m */,
				8BDD58A01D72A2B70066B7C0 /* Info.plist */,
			);
			path = IATests;
			sourceTree = "<group>";
		};
		8BDD58A81D72A2B70066B7C0 /* IAUITests */ = {
			isa = PBXGroup;
			children = (
				8BDD58A91D72A2B70066B7C0 /* IAUITests.m */,
				8BDD58AB1D72A2B70066B7C0 /* Info.plist */,
			);
			path = IAUITests;
			sourceTree = "<group>";
		};
		8BDD58B71D72A3320066B7C0 /* App delegate */ = {
			isa = PBXGroup;
			children = (
				8BDD588B1D72A2B70066B7C0 /* AppDelegate.h */,
				8BDD588C1D72A2B70066B7C0 /* AppDelegate.m */,
			);
			name = "App delegate";
			sourceTree = "<group>";
		};
		8BDD58B81D72A33C0066B7C0 /* ViewControllers */ = {
			isa = PBXGroup;
			children = (
				8BB126BD1D72AFC800B95ED7 /* RLCities */,
				8BB126AF1D72A56B00B95ED7 /* RLMovies */,
			);
			name = ViewControllers;
			sourceTree = "<group>";
		};
		9ED31B4797DAA085479C8517 /* Pods */ = {
			isa = PBXGroup;
			children = (
				F4D8A6B7CF082574D892D67F /* Pods-IA.debug.xcconfig */,
				160FFB120A7B5DE5B1B24E05 /* Pods-IA.release.xcconfig */,
				CB35DE2529227560C57CF0DA /* Pods-IATests.debug.xcconfig */,
				CDBC02AD989F1BD04C430D20 /* Pods-IATests.release.xcconfig */,
				130E4B317331E6A7027C7470 /* Pods-IAUITests.debug.xcconfig */,
				82FA374685B8CE5C57E46585 /* Pods-IAUITests.release.xcconfig */,
			);
			name = Pods;
			sourceTree = "<group>";
		};
/* End PBXGroup section */

/* Begin PBXNativeTarget section */
		8BDD58841D72A2B70066B7C0 /* IA */ = {
			isa = PBXNativeTarget;
			buildConfigurationList = 8BDD58AE1D72A2B70066B7C0 /* Build configuration list for PBXNativeTarget "IA" */;
			buildPhases = (
				BF1DC789327D0FCEAEAB93DE /* [CP] Check Pods Manifest.lock */,
				8BDD58811D72A2B70066B7C0 /* Sources */,
				8BDD58821D72A2B70066B7C0 /* Frameworks */,
				8BDD58831D72A2B70066B7C0 /* Resources */,
				B80BA9822DC8B56581A7880E /* [CP] Embed Pods Frameworks */,
				4E968CDFF8FDE5537088E329 /* [CP] Copy Pods Resources */,
			);
			buildRules = (
			);
			dependencies = (
			);
			name = IA;
			productName = IA;
			productReference = 8BDD58851D72A2B70066B7C0 /* IA.app */;
			productType = "com.apple.product-type.application";
		};
		8BDD58991D72A2B70066B7C0 /* IATests */ = {
			isa = PBXNativeTarget;
			buildConfigurationList = 8BDD58B11D72A2B70066B7C0 /* Build configuration list for PBXNativeTarget "IATests" */;
			buildPhases = (
				624735F4BBB57A5A40B53F38 /* [CP] Check Pods Manifest.lock */,
				8BDD58961D72A2B70066B7C0 /* Sources */,
				8BDD58971D72A2B70066B7C0 /* Frameworks */,
				8BDD58981D72A2B70066B7C0 /* Resources */,
				CBB8A34EAD2A3DE7F6DA44BF /* [CP] Embed Pods Frameworks */,
				4D51AB9B82B5A6DE209FCC73 /* [CP] Copy Pods Resources */,
			);
			buildRules = (
			);
			dependencies = (
				8BDD589C1D72A2B70066B7C0 /* PBXTargetDependency */,
			);
			name = IATests;
			productName = IATests;
			productReference = 8BDD589A1D72A2B70066B7C0 /* IATests.xctest */;
			productType = "com.apple.product-type.bundle.unit-test";
		};
		8BDD58A41D72A2B70066B7C0 /* IAUITests */ = {
			isa = PBXNativeTarget;
			buildConfigurationList = 8BDD58B41D72A2B70066B7C0 /* Build configuration list for PBXNativeTarget "IAUITests" */;
			buildPhases = (
				696E320A356451F6E8143E73 /* [CP] Check Pods Manifest.lock */,
				8BDD58A11D72A2B70066B7C0 /* Sources */,
				8BDD58A21D72A2B70066B7C0 /* Frameworks */,
				8BDD58A31D72A2B70066B7C0 /* Resources */,
				D457E8408313D950D94ADBE6 /* [CP] Copy Pods Resources */,
			);
			buildRules = (
			);
			dependencies = (
				8BDD58A71D72A2B70066B7C0 /* PBXTargetDependency */,
			);
			name = IAUITests;
			productName = IAUITests;
			productReference = 8BDD58A51D72A2B70066B7C0 /* IAUITests.xctest */;
			productType = "com.apple.product-type.bundle.ui-testing";
		};
/* End PBXNativeTarget section */

/* Begin PBXProject section */
		8BDD587D1D72A2B70066B7C0 /* Project object */ = {
			isa = PBXProject;
			attributes = {
				LastUpgradeCheck = 0730;
				ORGANIZATIONNAME = Rflpz;
				TargetAttributes = {
					8BDD58841D72A2B70066B7C0 = {
						CreatedOnToolsVersion = 7.3.1;
					};
					8BDD58991D72A2B70066B7C0 = {
						CreatedOnToolsVersion = 7.3.1;
						TestTargetID = 8BDD58841D72A2B70066B7C0;
					};
					8BDD58A41D72A2B70066B7C0 = {
						CreatedOnToolsVersion = 7.3.1;
						TestTargetID = 8BDD58841D72A2B70066B7C0;
					};
				};
			};
			buildConfigurationList = 8BDD58801D72A2B70066B7C0 /* Build configuration list for PBXProject "IA" */;
			compatibilityVersion = "Xcode 3.2";
			developmentRegion = English;
			hasScannedForEncodings = 0;
			knownRegions = (
				en,
				Base,
			);
			mainGroup = 8BDD587C1D72A2B70066B7C0;
			productRefGroup = 8BDD58861D72A2B70066B7C0 /* Products */;
			projectDirPath = "";
			projectRoot = "";
			targets = (
				8BDD58841D72A2B70066B7C0 /* IA */,
				8BDD58991D72A2B70066B7C0 /* IATests */,
				8BDD58A41D72A2B70066B7C0 /* IAUITests */,
			);
		};
/* End PBXProject section */

/* Begin PBXResourcesBuildPhase section */
		8BDD58831D72A2B70066B7C0 /* Resources */ = {
			isa = PBXResourcesBuildPhase;
			buildActionMask = 2147483647;
			files = (
				8BB126C81D72B04200B95ED7 /* RLCityCell.xib in Resources */,
				8BB126CC1D72B5F000B95ED7 /* lg-cinepolis.png in Resources */,
				8BB126AE1D72A56700B95ED7 /* RLMoviesController.xib in Resources */,
				8BB126CA1D72B28E00B95ED7 /* next.png in Resources */,
				8BDD58941D72A2B70066B7C0 /* LaunchScreen.storyboard in Resources */,
				8BB126C21D72AFD800B95ED7 /* RLCitiesController.xib in Resources */,
				8BDD58911D72A2B70066B7C0 /* Assets.xcassets in Resources */,
				8BDD588F1D72A2B70066B7C0 /* IA-Prefix.pch in Resources */,
				8BB126BC1D72AE7700B95ED7 /* RLMovieCell.xib in Resources */,
			);
			runOnlyForDeploymentPostprocessing = 0;
		};
		8BDD58981D72A2B70066B7C0 /* Resources */ = {
			isa = PBXResourcesBuildPhase;
			buildActionMask = 2147483647;
			files = (
			);
			runOnlyForDeploymentPostprocessing = 0;
		};
		8BDD58A31D72A2B70066B7C0 /* Resources */ = {
			isa = PBXResourcesBuildPhase;
			buildActionMask = 2147483647;
			files = (
			);
			runOnlyForDeploymentPostprocessing = 0;
		};
/* End PBXResourcesBuildPhase section */

/* Begin PBXShellScriptBuildPhase section */
		4D51AB9B82B5A6DE209FCC73 /* [CP] Copy Pods Resources */ = {
			isa = PBXShellScriptBuildPhase;
			buildActionMask = 2147483647;
			files = (
			);
			inputPaths = (
			);
			name = "[CP] Copy Pods Resources";
			outputPaths = (
			);
			runOnlyForDeploymentPostprocessing = 0;
			shellPath = /bin/sh;
			shellScript = "\"${SRCROOT}/Pods/Target Support Files/Pods-IATests/Pods-IATests-resources.sh\"\n";
			showEnvVarsInLog = 0;
		};
		4E968CDFF8FDE5537088E329 /* [CP] Copy Pods Resources */ = {
			isa = PBXShellScriptBuildPhase;
			buildActionMask = 2147483647;
			files = (
			);
			inputPaths = (
			);
			name = "[CP] Copy Pods Resources";
			outputPaths = (
			);
			runOnlyForDeploymentPostprocessing = 0;
			shellPath = /bin/sh;
			shellScript = "\"${SRCROOT}/Pods/Target Support Files/Pods-IA/Pods-IA-resources.sh\"\n";
			showEnvVarsInLog = 0;
		};
		624735F4BBB57A5A40B53F38 /* [CP] Check Pods Manifest.lock */ = {
			isa = PBXShellScriptBuildPhase;
			buildActionMask = 2147483647;
			files = (
			);
			inputPaths = (
			);
			name = "[CP] Check Pods Manifest.lock";
			outputPaths = (
			);
			runOnlyForDeploymentPostprocessing = 0;
			shellPath = /bin/sh;
			shellScript = "diff \"${PODS_ROOT}/../Podfile.lock\" \"${PODS_ROOT}/Manifest.lock\" > /dev/null\nif [[ $? != 0 ]] ; then\n    cat << EOM\nerror: The sandbox is not in sync with the Podfile.lock. Run 'pod install' or update your CocoaPods installation.\nEOM\n    exit 1\nfi\n";
			showEnvVarsInLog = 0;
		};
		696E320A356451F6E8143E73 /* [CP] Check Pods Manifest.lock */ = {
			isa = PBXShellScriptBuildPhase;
			buildActionMask = 2147483647;
			files = (
			);
			inputPaths = (
			);
			name = "[CP] Check Pods Manifest.lock";
			outputPaths = (
			);
			runOnlyForDeploymentPostprocessing = 0;
			shellPath = /bin/sh;
			shellScript = "diff \"${PODS_ROOT}/../Podfile.lock\" \"${PODS_ROOT}/Manifest.lock\" > /dev/null\nif [[ $? != 0 ]] ; then\n    cat << EOM\nerror: The sandbox is not in sync with the Podfile.lock. Run 'pod install' or update your CocoaPods installation.\nEOM\n    exit 1\nfi\n";
			showEnvVarsInLog = 0;
		};
		B80BA9822DC8B56581A7880E /* [CP] Embed Pods Frameworks */ = {
			isa = PBXShellScriptBuildPhase;
			buildActionMask = 2147483647;
			files = (
			);
			inputPaths = (
			);
			name = "[CP] Embed Pods Frameworks";
			outputPaths = (
			);
			runOnlyForDeploymentPostprocessing = 0;
			shellPath = /bin/sh;
			shellScript = "\"${SRCROOT}/Pods/Target Support Files/Pods-IA/Pods-IA-frameworks.sh\"\n";
			showEnvVarsInLog = 0;
		};
		BF1DC789327D0FCEAEAB93DE /* [CP] Check Pods Manifest.lock */ = {
			isa = PBXShellScriptBuildPhase;
			buildActionMask = 2147483647;
			files = (
			);
			inputPaths = (
			);
			name = "[CP] Check Pods Manifest.lock";
			outputPaths = (
			);
			runOnlyForDeploymentPostprocessing = 0;
			shellPath = /bin/sh;
			shellScript = "diff \"${PODS_ROOT}/../Podfile.lock\" \"${PODS_ROOT}/Manifest.lock\" > /dev/null\nif [[ $? != 0 ]] ; then\n    cat << EOM\nerror: The sandbox is not in sync with the Podfile.lock. Run 'pod install' or update your CocoaPods installation.\nEOM\n    exit 1\nfi\n";
			showEnvVarsInLog = 0;
		};
		CBB8A34EAD2A3DE7F6DA44BF /* [CP] Embed Pods Frameworks */ = {
			isa = PBXShellScriptBuildPhase;
			buildActionMask = 2147483647;
			files = (
			);
			inputPaths = (
			);
			name = "[CP] Embed Pods Frameworks";
			outputPaths = (
			);
			runOnlyForDeploymentPostprocessing = 0;
			shellPath = /bin/sh;
			shellScript = "\"${SRCROOT}/Pods/Target Support Files/Pods-IATests/Pods-IATests-frameworks.sh\"\n";
			showEnvVarsInLog = 0;
		};
		D457E8408313D950D94ADBE6 /* [CP] Copy Pods Resources */ = {
			isa = PBXShellScriptBuildPhase;
			buildActionMask = 2147483647;
			files = (
			);
			inputPaths = (
			);
			name = "[CP] Copy Pods Resources";
			outputPaths = (
			);
			runOnlyForDeploymentPostprocessing = 0;
			shellPath = /bin/sh;
			shellScript = "\"${SRCROOT}/Pods/Target Support Files/Pods-IAUITests/Pods-IAUITests-resources.sh\"\n";
			showEnvVarsInLog = 0;
		};
/* End PBXShellScriptBuildPhase section */

/* Begin PBXSourcesBuildPhase section */
		8BDD58811D72A2B70066B7C0 /* Sources */ = {
			isa = PBXSourcesBuildPhase;
			buildActionMask = 2147483647;
			files = (
				8BB126AD1D72A56700B95ED7 /* RLMoviesController.m in Sources */,
				8BB126B31D72A5D200B95ED7 /* RLCustomizer.m in Sources */,
				8BB126A91D72A4C700B95ED7 /* RLRequest.m in Sources */,
				8BDD588D1D72A2B70066B7C0 /* AppDelegate.m in Sources */,
				8BB126C11D72AFD800B95ED7 /* RLCitiesController.m in Sources */,
				8BB126BB1D72AE7700B95ED7 /* RLMovieCell.m in Sources */,
				8BB126C71D72B04200B95ED7 /* RLCityCell.m in Sources */,
				8BDD588A1D72A2B70066B7C0 /* main.m in Sources */,
			);
			runOnlyForDeploymentPostprocessing = 0;
		};
		8BDD58961D72A2B70066B7C0 /* Sources */ = {
			isa = PBXSourcesBuildPhase;
			buildActionMask = 2147483647;
			files = (
				8BDD589F1D72A2B70066B7C0 /* IATests.m in Sources */,
			);
			runOnlyForDeploymentPostprocessing = 0;
		};
		8BDD58A11D72A2B70066B7C0 /* Sources */ = {
			isa = PBXSourcesBuildPhase;
			buildActionMask = 2147483647;
			files = (
				8BDD58AA1D72A2B70066B7C0 /* IAUITests.m in Sources */,
			);
			runOnlyForDeploymentPostprocessing = 0;
		};
/* End PBXSourcesBuildPhase section */

/* Begin PBXTargetDependency section */
		8BDD589C1D72A2B70066B7C0 /* PBXTargetDependency */ = {
			isa = PBXTargetDependency;
			target = 8BDD58841D72A2B70066B7C0 /* IA */;
			targetProxy = 8BDD589B1D72A2B70066B7C0 /* PBXContainerItemProxy */;
		};
		8BDD58A71D72A2B70066B7C0 /* PBXTargetDependency */ = {
			isa = PBXTargetDependency;
			target = 8BDD58841D72A2B70066B7C0 /* IA */;
			targetProxy = 8BDD58A61D72A2B70066B7C0 /* PBXContainerItemProxy */;
		};
/* End PBXTargetDependency section */

/* Begin PBXVariantGroup section */
		8BDD58921D72A2B70066B7C0 /* LaunchScreen.storyboard */ = {
			isa = PBXVariantGroup;
			children = (
				8BDD58931D72A2B70066B7C0 /* Base */,
			);
			name = LaunchScreen.storyboard;
			sourceTree = "<group>";
		};
/* End PBXVariantGroup section */

/* Begin XCBuildConfiguration section */
		8BDD58AC1D72A2B70066B7C0 /* Debug */ = {
			isa = XCBuildConfiguration;
			buildSettings = {
				ALWAYS_SEARCH_USER_PATHS = NO;
				CLANG_ANALYZER_NONNULL = YES;
				CLANG_CXX_LANGUAGE_STANDARD = "gnu++0x";
				CLANG_CXX_LIBRARY = "libc++";
				CLANG_ENABLE_MODULES = YES;
				CLANG_ENABLE_OBJC_ARC = YES;
				CLANG_WARN_BOOL_CONVERSION = YES;
				CLANG_WARN_CONSTANT_CONVERSION = YES;
				CLANG_WARN_DIRECT_OBJC_ISA_USAGE = YES_ERROR;
				CLANG_WARN_EMPTY_BODY = YES;
				CLANG_WARN_ENUM_CONVERSION = YES;
				CLANG_WARN_INT_CONVERSION = YES;
				CLANG_WARN_OBJC_ROOT_CLASS = YES_ERROR;
				CLANG_WARN_UNREACHABLE_CODE = YES;
				CLANG_WARN__DUPLICATE_METHOD_MATCH = YES;
				"CODE_SIGN_IDENTITY[sdk=iphoneos*]" = "iPhone Developer";
				COPY_PHASE_STRIP = NO;
				DEBUG_INFORMATION_FORMAT = dwarf;
				ENABLE_STRICT_OBJC_MSGSEND = YES;
				ENABLE_TESTABILITY = YES;
				GCC_C_LANGUAGE_STANDARD = gnu99;
				GCC_DYNAMIC_NO_PIC = NO;
				GCC_NO_COMMON_BLOCKS = YES;
				GCC_OPTIMIZATION_LEVEL = 0;
				GCC_PREPROCESSOR_DEFINITIONS = (
					"DEBUG=1",
					"$(inherited)",
				);
				GCC_WARN_64_TO_32_BIT_CONVERSION = YES;
				GCC_WARN_ABOUT_RETURN_TYPE = YES_ERROR;
				GCC_WARN_UNDECLARED_SELECTOR = YES;
				GCC_WARN_UNINITIALIZED_AUTOS = YES_AGGRESSIVE;
				GCC_WARN_UNUSED_FUNCTION = YES;
				GCC_WARN_UNUSED_VARIABLE = YES;
				IPHONEOS_DEPLOYMENT_TARGET = 9.3;
				MTL_ENABLE_DEBUG_INFO = YES;
				ONLY_ACTIVE_ARCH = YES;
				SDKROOT = iphoneos;
			};
			name = Debug;
		};
		8BDD58AD1D72A2B70066B7C0 /* Release */ = {
			isa = XCBuildConfiguration;
			buildSettings = {
				ALWAYS_SEARCH_USER_PATHS = NO;
				CLANG_ANALYZER_NONNULL = YES;
				CLANG_CXX_LANGUAGE_STANDARD = "gnu++0x";
				CLANG_CXX_LIBRARY = "libc++";
				CLANG_ENABLE_MODULES = YES;
				CLANG_ENABLE_OBJC_ARC = YES;
				CLANG_WARN_BOOL_CONVERSION = YES;
				CLANG_WARN_CONSTANT_CONVERSION = YES;
				CLANG_WARN_DIRECT_OBJC_ISA_USAGE = YES_ERROR;
				CLANG_WARN_EMPTY_BODY = YES;
				CLANG_WARN_ENUM_CONVERSION = YES;
				CLANG_WARN_INT_CONVERSION = YES;
				CLANG_WARN_OBJC_ROOT_CLASS = YES_ERROR;
				CLANG_WARN_UNREACHABLE_CODE = YES;
				CLANG_WARN__DUPLICATE_METHOD_MATCH = YES;
				"CODE_SIGN_IDENTITY[sdk=iphoneos*]" = "iPhone Developer";
				COPY_PHASE_STRIP = NO;
				DEBUG_INFORMATION_FORMAT = "dwarf-with-dsym";
				ENABLE_NS_ASSERTIONS = NO;
				ENABLE_STRICT_OBJC_MSGSEND = YES;
				GCC_C_LANGUAGE_STANDARD = gnu99;
				GCC_NO_COMMON_BLOCKS = YES;
				GCC_WARN_64_TO_32_BIT_CONVERSION = YES;
				GCC_WARN_ABOUT_RETURN_TYPE = YES_ERROR;
				GCC_WARN_UNDECLARED_SELECTOR = YES;
				GCC_WARN_UNINITIALIZED_AUTOS = YES_AGGRESSIVE;
				GCC_WARN_UNUSED_FUNCTION = YES;
				GCC_WARN_UNUSED_VARIABLE = YES;
				IPHONEOS_DEPLOYMENT_TARGET = 9.3;
				MTL_ENABLE_DEBUG_INFO = NO;
				SDKROOT = iphoneos;
				VALIDATE_PRODUCT = YES;
			};
			name = Release;
		};
		8BDD58AF1D72A2B70066B7C0 /* Debug */ = {
			isa = XCBuildConfiguration;
			baseConfigurationReference = F4D8A6B7CF082574D892D67F /* Pods-IA.debug.xcconfig */;
			buildSettings = {
				ASSETCATALOG_COMPILER_APPICON_NAME = AppIcon;
				INFOPLIST_FILE = IA/Info.plist;
				IPHONEOS_DEPLOYMENT_TARGET = 8.2;
				LD_RUNPATH_SEARCH_PATHS = "$(inherited) @executable_path/Frameworks";
				PRODUCT_BUNDLE_IDENTIFIER = com.rflpz.IA;
				PRODUCT_NAME = "$(TARGET_NAME)";
			};
			name = Debug;
		};
		8BDD58B01D72A2B70066B7C0 /* Release */ = {
			isa = XCBuildConfiguration;
			baseConfigurationReference = 160FFB120A7B5DE5B1B24E05 /* Pods-IA.release.xcconfig */;
			buildSettings = {
				ASSETCATALOG_COMPILER_APPICON_NAME = AppIcon;
				INFOPLIST_FILE = IA/Info.plist;
				IPHONEOS_DEPLOYMENT_TARGET = 8.2;
				LD_RUNPATH_SEARCH_PATHS = "$(inherited) @executable_path/Frameworks";
				PRODUCT_BUNDLE_IDENTIFIER = com.rflpz.IA;
				PRODUCT_NAME = "$(TARGET_NAME)";
			};
			name = Release;
		};
		8BDD58B21D72A2B70066B7C0 /* Debug */ = {
			isa = XCBuildConfiguration;
			baseConfigurationReference = CB35DE2529227560C57CF0DA /* Pods-IATests.debug.xcconfig */;
			buildSettings = {
				BUNDLE_LOADER = "$(TEST_HOST)";
				INFOPLIST_FILE = IATests/Info.plist;
				LD_RUNPATH_SEARCH_PATHS = "$(inherited) @executable_path/Frameworks @loader_path/Frameworks";
				PRODUCT_BUNDLE_IDENTIFIER = com.rflpz.IATests;
				PRODUCT_NAME = "$(TARGET_NAME)";
				TEST_HOST = "$(BUILT_PRODUCTS_DIR)/IA.app/IA";
			};
			name = Debug;
		};
		8BDD58B31D72A2B70066B7C0 /* Release */ = {
			isa = XCBuildConfiguration;
			baseConfigurationReference = CDBC02AD989F1BD04C430D20 /* Pods-IATests.release.xcconfig */;
			buildSettings = {
				BUNDLE_LOADER = "$(TEST_HOST)";
				INFOPLIST_FILE = IATests/Info.plist;
				LD_RUNPATH_SEARCH_PATHS = "$(inherited) @executable_path/Frameworks @loader_path/Frameworks";
				PRODUCT_BUNDLE_IDENTIFIER = com.rflpz.IATests;
				PRODUCT_NAME = "$(TARGET_NAME)";
				TEST_HOST = "$(BUILT_PRODUCTS_DIR)/IA.app/IA";
			};
			name = Release;
		};
		8BDD58B51D72A2B70066B7C0 /* Debug */ = {
			isa = XCBuildConfiguration;
			baseConfigurationReference = 130E4B317331E6A7027C7470 /* Pods-IAUITests.debug.xcconfig */;
			buildSettings = {
				INFOPLIST_FILE = IAUITests/Info.plist;
				LD_RUNPATH_SEARCH_PATHS = "$(inherited) @executable_path/Frameworks @loader_path/Frameworks";
				PRODUCT_BUNDLE_IDENTIFIER = com.rflpz.IAUITests;
				PRODUCT_NAME = "$(TARGET_NAME)";
				TEST_TARGET_NAME = IA;
			};
			name = Debug;
		};
		8BDD58B61D72A2B70066B7C0 /* Release */ = {
			isa = XCBuildConfiguration;
			baseConfigurationReference = 82FA374685B8CE5C57E46585 /* Pods-IAUITests.release.xcconfig */;
			buildSettings = {
				INFOPLIST_FILE = IAUITests/Info.plist;
				LD_RUNPATH_SEARCH_PATHS = "$(inherited) @executable_path/Frameworks @loader_path/Frameworks";
				PRODUCT_BUNDLE_IDENTIFIER = com.rflpz.IAUITests;
				PRODUCT_NAME = "$(TARGET_NAME)";
				TEST_TARGET_NAME = IA;
			};
			name = Release;
		};
/* End XCBuildConfiguration section */

/* Begin XCConfigurationList section */
		8BDD58801D72A2B70066B7C0 /* Build configuration list for PBXProject "IA" */ = {
			isa = XCConfigurationList;
			buildConfigurations = (
				8BDD58AC1D72A2B70066B7C0 /* Debug */,
				8BDD58AD1D72A2B70066B7C0 /* Release */,
			);
			defaultConfigurationIsVisible = 0;
			defaultConfigurationName = Release;
		};
		8BDD58AE1D72A2B70066B7C0 /* Build configuration list for PBXNativeTarget "IA" */ = {
			isa = XCConfigurationList;
			buildConfigurations = (
				8BDD58AF1D72A2B70066B7C0 /* Debug */,
				8BDD58B01D72A2B70066B7C0 /* Release */,
			);
			defaultConfigurationIsVisible = 0;
			defaultConfigurationName = Release;
		};
		8BDD58B11D72A2B70066B7C0 /* Build configuration list for PBXNativeTarget "IATests" */ = {
			isa = XCConfigurationList;
			buildConfigurations = (
				8BDD58B21D72A2B70066B7C0 /* Debug */,
				8BDD58B31D72A2B70066B7C0 /* Release */,
			);
			defaultConfigurationIsVisible = 0;
			defaultConfigurationName = Release;
		};
		8BDD58B41D72A2B70066B7C0 /* Build configuration list for PBXNativeTarget "IAUITests" */ = {
			isa = XCConfigurationList;
			buildConfigurations = (
				8BDD58B51D72A2B70066B7C0 /* Debug */,
				8BDD58B61D72A2B70066B7C0 /* Release */,
			);
			defaultConfigurationIsVisible = 0;
			defaultConfigurationName = Release;
		};
/* End XCConfigurationList section */
	};
	rootObject = 8BDD587D1D72A2B70066B7C0 /* Project object */;
}
